
Microsoft Visual Studio Solution File, Format Version 12.00
# Visual Studio Version 17
VisualStudioVersion = 17.9.34607.119
MinimumVisualStudioVersion = 10.0.40219.1
Project("{2150E333-8FDC-42A3-9474-1A3956D46DE8}") = "SingleResponsibility", "SingleResponsibility", "{21C308BC-CE9D-4AE5-ABE0-C5F409C14498}"
EndProject
Project("{FAE04EC0-301F-11D3-BF4B-00C04F79EFBC}") = "SingleResponsibilityBadCaseConsoleApp", "SingleResponsibility\SingleResponsibilityConsoleApp\SingleResponsibilityBadCaseConsoleApp.csproj", "{1BFA1D9E-0C52-41AB-B85C-6434B1C20658}"
EndProject
Global
	GlobalSection(SolutionConfigurationPlatforms) = preSolution
		Debug|Any CPU = Debug|Any CPU
		Release|Any CPU = Release|Any CPU
	EndGlobalSection
	GlobalSection(ProjectConfigurationPlatforms) = postSolution
		{1BFA1D9E-0C52-41AB-B85C-6434B1C20658}.Debug|Any CPU.ActiveCfg = Debug|Any CPU
		{1BFA1D9E-0C52-41AB-B85C-6434B1C20658}.Debug|Any CPU.Build.0 = Debug|Any CPU
		{1BFA1D9E-0C52-41AB-B85C-6434B1C20658}.Release|Any CPU.ActiveCfg = Release|Any CPU
		{1BFA1D9E-0C52-41AB-B85C-6434B1C20658}.Release|Any CPU.Build.0 = Release|Any CPU
	EndGlobalSection
	GlobalSection(SolutionProperties) = preSolution
		HideSolutionNode = FALSE
	EndGlobalSection
	GlobalSection(NestedProjects) = preSolution
		{1BFA1D9E-0C52-41AB-B85C-6434B1C20658} = {21C308BC-CE9D-4AE5-ABE0-C5F409C14498}
	EndGlobalSection
	GlobalSection(ExtensibilityGlobals) = postSolution
		SolutionGuid = {7C1425CB-23CE-4B11-8D23-DE2F000BF1C2}
	EndGlobalSection
EndGlobal
